// !$*UTF8*$!
{
	archiveVersion = 1;
	classes = {
	};
	objectVersion = 56;
	objects = {

/* Begin PBXBuildFile section */
		3C277EAC2C0FF1CF000F917B /* DNFBitBitv2.ttf in Resources */ = {isa = PBXBuildFile; fileRef = 3C277EAB2C0FF1CF000F917B /* DNFBitBitv2.ttf */; };
		3C277EAE2C0FF43D000F917B /* NeoDunggeunmoPro-Regular.ttf in Resources */ = {isa = PBXBuildFile; fileRef = 3C277EAD2C0FF43D000F917B /* NeoDunggeunmoPro-Regular.ttf */; };
		3C277EB02C0FFF5F000F917B /* CustomFonts.swift in Sources */ = {isa = PBXBuildFile; fileRef = 3C277EAF2C0FFF5F000F917B /* CustomFonts.swift */; };
		3C277EB22C100034000F917B /* BackgroundImage.swift in Sources */ = {isa = PBXBuildFile; fileRef = 3C277EB12C100034000F917B /* BackgroundImage.swift */; };
		3C277EB42C100186000F917B /* MatchImageInformation.swift in Sources */ = {isa = PBXBuildFile; fileRef = 3C277EB32C100186000F917B /* MatchImageInformation.swift */; };
		3C277EB62C100284000F917B /* CustomButton.swift in Sources */ = {isa = PBXBuildFile; fileRef = 3C277EB52C100284000F917B /* CustomButton.swift */; };
		3C277EBB2C1149DD000F917B /* MatchImageGameViewController.swift in Sources */ = {isa = PBXBuildFile; fileRef = 3C277EBA2C1149DD000F917B /* MatchImageGameViewController.swift */; };
		3C53DD662C12C95200E9599E /* MatchImageEndViewController.swift in Sources */ = {isa = PBXBuildFile; fileRef = 3C53DD652C12C95200E9599E /* MatchImageEndViewController.swift */; };
		3CDE96772C0D98630037E24E /* AppDelegate.swift in Sources */ = {isa = PBXBuildFile; fileRef = 3CDE96762C0D98630037E24E /* AppDelegate.swift */; };
		3CDE96792C0D98630037E24E /* SceneDelegate.swift in Sources */ = {isa = PBXBuildFile; fileRef = 3CDE96782C0D98630037E24E /* SceneDelegate.swift */; };
		3CDE967B2C0D98630037E24E /* MatchImageStartViewController.swift in Sources */ = {isa = PBXBuildFile; fileRef = 3CDE967A2C0D98630037E24E /* MatchImageStartViewController.swift */; };
		3CDE967E2C0D98630037E24E /* Base in Resources */ = {isa = PBXBuildFile; fileRef = 3CDE967D2C0D98630037E24E /* Base */; };
		3CDE96802C0D98650037E24E /* Assets.xcassets in Resources */ = {isa = PBXBuildFile; fileRef = 3CDE967F2C0D98650037E24E /* Assets.xcassets */; };
		3CDE96832C0D98650037E24E /* Base in Resources */ = {isa = PBXBuildFile; fileRef = 3CDE96822C0D98650037E24E /* Base */; };
/* End PBXBuildFile section */

/* Begin PBXFileReference section */
		3C277EAB2C0FF1CF000F917B /* DNFBitBitv2.ttf */ = {isa = PBXFileReference; lastKnownFileType = file; path = DNFBitBitv2.ttf; sourceTree = "<group>"; };
		3C277EAD2C0FF43D000F917B /* NeoDunggeunmoPro-Regular.ttf */ = {isa = PBXFileReference; lastKnownFileType = file; path = "NeoDunggeunmoPro-Regular.ttf"; sourceTree = "<group>"; };
		3C277EAF2C0FFF5F000F917B /* CustomFonts.swift */ = {isa = PBXFileReference; lastKnownFileType = sourcecode.swift; path = CustomFonts.swift; sourceTree = "<group>"; };
		3C277EB12C100034000F917B /* BackgroundImage.swift */ = {isa = PBXFileReference; lastKnownFileType = sourcecode.swift; path = BackgroundImage.swift; sourceTree = "<group>"; };
		3C277EB32C100186000F917B /* MatchImageInformation.swift */ = {isa = PBXFileReference; lastKnownFileType = sourcecode.swift; path = MatchImageInformation.swift; sourceTree = "<group>"; };
		3C277EB52C100284000F917B /* CustomButton.swift */ = {isa = PBXFileReference; lastKnownFileType = sourcecode.swift; path = CustomButton.swift; sourceTree = "<group>"; };
		3C277EBA2C1149DD000F917B /* MatchImageGameViewController.swift */ = {isa = PBXFileReference; lastKnownFileType = sourcecode.swift; path = MatchImageGameViewController.swift; sourceTree = "<group>"; };
		3C53DD652C12C95200E9599E /* MatchImageEndViewController.swift */ = {isa = PBXFileReference; lastKnownFileType = sourcecode.swift; path = MatchImageEndViewController.swift; sourceTree = "<group>"; };
		3CDE96732C0D98630037E24E /* MatchImage.app */ = {isa = PBXFileReference; explicitFileType = wrapper.application; includeInIndex = 0; path = MatchImage.app; sourceTree = BUILT_PRODUCTS_DIR; };
		3CDE96762C0D98630037E24E /* AppDelegate.swift */ = {isa = PBXFileReference; lastKnownFileType = sourcecode.swift; path = AppDelegate.swift; sourceTree = "<group>"; };
		3CDE96782C0D98630037E24E /* SceneDelegate.swift */ = {isa = PBXFileReference; lastKnownFileType = sourcecode.swift; path = SceneDelegate.swift; sourceTree = "<group>"; };
		3CDE967A2C0D98630037E24E /* MatchImageStartViewController.swift */ = {isa = PBXFileReference; lastKnownFileType = sourcecode.swift; path = MatchImageStartViewController.swift; sourceTree = "<group>"; };
		3CDE967D2C0D98630037E24E /* Base */ = {isa = PBXFileReference; lastKnownFileType = file.storyboard; name = Base; path = Base.lproj/Main.storyboard; sourceTree = "<group>"; };
		3CDE967F2C0D98650037E24E /* Assets.xcassets */ = {isa = PBXFileReference; lastKnownFileType = folder.assetcatalog; path = Assets.xcassets; sourceTree = "<group>"; };
		3CDE96822C0D98650037E24E /* Base */ = {isa = PBXFileReference; lastKnownFileType = file.storyboard; name = Base; path = Base.lproj/LaunchScreen.storyboard; sourceTree = "<group>"; };
		3CDE96842C0D98650037E24E /* Info.plist */ = {isa = PBXFileReference; lastKnownFileType = text.plist.xml; path = Info.plist; sourceTree = "<group>"; };
/* End PBXFileReference section */

/* Begin PBXFrameworksBuildPhase section */
		3CDE96702C0D98630037E24E /* Frameworks */ = {
			isa = PBXFrameworksBuildPhase;
			buildActionMask = 2147483647;
			files = (
			);
			runOnlyForDeploymentPostprocessing = 0;
		};
/* End PBXFrameworksBuildPhase section */

/* Begin PBXGroup section */
		3C277EA92C0FF156000F917B /* Resources */ = {
			isa = PBXGroup;
			children = (
				3C277EB92C102331000F917B /* Components */,
				3C277EAA2C0FF169000F917B /* fonts */,
			);
			path = Resources;
			sourceTree = "<group>";
		};
		3C277EAA2C0FF169000F917B /* fonts */ = {
			isa = PBXGroup;
			children = (
				3C277EAD2C0FF43D000F917B /* NeoDunggeunmoPro-Regular.ttf */,
				3C277EAB2C0FF1CF000F917B /* DNFBitBitv2.ttf */,
			);
			path = fonts;
			sourceTree = "<group>";
		};
		3C277EB92C102331000F917B /* Components */ = {
			isa = PBXGroup;
			children = (
				3C277EAF2C0FFF5F000F917B /* CustomFonts.swift */,
				3C277EB12C100034000F917B /* BackgroundImage.swift */,
				3C277EB32C100186000F917B /* MatchImageInformation.swift */,
				3C277EB52C100284000F917B /* CustomButton.swift */,
			);
			path = Components;
			sourceTree = "<group>";
		};
		3CDE966A2C0D98630037E24E = {
			isa = PBXGroup;
			children = (
				3CDE96752C0D98630037E24E /* MatchImage */,
				3CDE96742C0D98630037E24E /* Products */,
			);
			sourceTree = "<group>";
		};
		3CDE96742C0D98630037E24E /* Products */ = {
			isa = PBXGroup;
			children = (
				3CDE96732C0D98630037E24E /* MatchImage.app */,
			);
			name = Products;
			sourceTree = "<group>";
		};
		3CDE96752C0D98630037E24E /* MatchImage */ = {
			isa = PBXGroup;
			children = (
				3C277EA92C0FF156000F917B /* Resources */,
				3CDE968B2C0D9A650037E24E /* Models */,
				3CDE968A2C0D9A5C0037E24E /* Views */,
				3CDE968C2C0D9A6B0037E24E /* ViewModels */,
				3CDE96762C0D98630037E24E /* AppDelegate.swift */,
				3CDE96782C0D98630037E24E /* SceneDelegate.swift */,
				3CDE967C2C0D98630037E24E /* Main.storyboard */,
				3CDE967F2C0D98650037E24E /* Assets.xcassets */,
				3CDE96812C0D98650037E24E /* LaunchScreen.storyboard */,
				3CDE96842C0D98650037E24E /* Info.plist */,
			);
			path = MatchImage;
			sourceTree = "<group>";
		};
		3CDE968A2C0D9A5C0037E24E /* Views */ = {
			isa = PBXGroup;
			children = (
				3CDE967A2C0D98630037E24E /* MatchImageStartViewController.swift */,
				3C277EBA2C1149DD000F917B /* MatchImageGameViewController.swift */,
				3C53DD652C12C95200E9599E /* MatchImageEndViewController.swift */,
			);
			path = Views;
			sourceTree = "<group>";
		};
		3CDE968B2C0D9A650037E24E /* Models */ = {
			isa = PBXGroup;
			children = (
			);
			path = Models;
			sourceTree = "<group>";
		};
		3CDE968C2C0D9A6B0037E24E /* ViewModels */ = {
			isa = PBXGroup;
			children = (
			);
			path = ViewModels;
			sourceTree = "<group>";
		};
/* End PBXGroup section */

/* Begin PBXNativeTarget section */
		3CDE96722C0D98630037E24E /* MatchImage */ = {
			isa = PBXNativeTarget;
			buildConfigurationList = 3CDE96872C0D98650037E24E /* Build configuration list for PBXNativeTarget "MatchImage" */;
			buildPhases = (
				3CDE966F2C0D98630037E24E /* Sources */,
				3CDE96702C0D98630037E24E /* Frameworks */,
				3CDE96712C0D98630037E24E /* Resources */,
			);
			buildRules = (
			);
			dependencies = (
			);
			name = MatchImage;
			productName = MatchImage;
			productReference = 3CDE96732C0D98630037E24E /* MatchImage.app */;
			productType = "com.apple.product-type.application";
		};
/* End PBXNativeTarget section */

/* Begin PBXProject section */
		3CDE966B2C0D98630037E24E /* Project object */ = {
			isa = PBXProject;
			attributes = {
				BuildIndependentTargetsInParallel = 1;
				LastSwiftUpdateCheck = 1540;
				LastUpgradeCheck = 1540;
				TargetAttributes = {
					3CDE96722C0D98630037E24E = {
						CreatedOnToolsVersion = 15.4;
					};
				};
			};
			buildConfigurationList = 3CDE966E2C0D98630037E24E /* Build configuration list for PBXProject "MatchImage" */;
			compatibilityVersion = "Xcode 14.0";
			developmentRegion = en;
			hasScannedForEncodings = 0;
			knownRegions = (
				en,
				Base,
			);
			mainGroup = 3CDE966A2C0D98630037E24E;
			productRefGroup = 3CDE96742C0D98630037E24E /* Products */;
			projectDirPath = "";
			projectRoot = "";
			targets = (
				3CDE96722C0D98630037E24E /* MatchImage */,
			);
		};
/* End PBXProject section */

/* Begin PBXResourcesBuildPhase section */
		3CDE96712C0D98630037E24E /* Resources */ = {
			isa = PBXResourcesBuildPhase;
			buildActionMask = 2147483647;
			files = (
				3CDE96802C0D98650037E24E /* Assets.xcassets in Resources */,
				3C277EAC2C0FF1CF000F917B /* DNFBitBitv2.ttf in Resources */,
				3C277EAE2C0FF43D000F917B /* NeoDunggeunmoPro-Regular.ttf in Resources */,
				3CDE96832C0D98650037E24E /* Base in Resources */,
				3CDE967E2C0D98630037E24E /* Base in Resources */,
			);
			runOnlyForDeploymentPostprocessing = 0;
		};
/* End PBXResourcesBuildPhase section */

/* Begin PBXSourcesBuildPhase section */
		3CDE966F2C0D98630037E24E /* Sources */ = {
			isa = PBXSourcesBuildPhase;
			buildActionMask = 2147483647;
			files = (
				3C277EB02C0FFF5F000F917B /* CustomFonts.swift in Sources */,
				3CDE967B2C0D98630037E24E /* MatchImageStartViewController.swift in Sources */,
				3C53DD662C12C95200E9599E /* MatchImageEndViewController.swift in Sources */,
				3C277EB42C100186000F917B /* MatchImageInformation.swift in Sources */,
				3CDE96772C0D98630037E24E /* AppDelegate.swift in Sources */,
				3C277EB62C100284000F917B /* CustomButton.swift in Sources */,
				3C277EB22C100034000F917B /* BackgroundImage.swift in Sources */,
				3C277EBB2C1149DD000F917B /* MatchImageGameViewController.swift in Sources */,
				3CDE96792C0D98630037E24E /* SceneDelegate.swift in Sources */,
			);
			runOnlyForDeploymentPostprocessing = 0;
		};
/* End PBXSourcesBuildPhase section */

/* Begin PBXVariantGroup section */
		3CDE967C2C0D98630037E24E /* Main.storyboard */ = {
			isa = PBXVariantGroup;
			children = (
				3CDE967D2C0D98630037E24E /* Base */,
			);
			name = Main.storyboard;
			sourceTree = "<group>";
		};
		3CDE96812C0D98650037E24E /* LaunchScreen.storyboard */ = {
			isa = PBXVariantGroup;
			children = (
				3CDE96822C0D98650037E24E /* Base */,
			);
			name = LaunchScreen.storyboard;
			sourceTree = "<group>";
		};
/* End PBXVariantGroup section */

/* Begin XCBuildConfiguration section */
		3CDE96852C0D98650037E24E /* Debug */ = {
			isa = XCBuildConfiguration;
			buildSettings = {
				ALWAYS_SEARCH_USER_PATHS = NO;
				ASSETCATALOG_COMPILER_GENERATE_SWIFT_ASSET_SYMBOL_EXTENSIONS = YES;
				CLANG_ANALYZER_NONNULL = YES;
				CLANG_ANALYZER_NUMBER_OBJECT_CONVERSION = YES_AGGRESSIVE;
				CLANG_CXX_LANGUAGE_STANDARD = "gnu++20";
				CLANG_ENABLE_MODULES = YES;
				CLANG_ENABLE_OBJC_ARC = YES;
				CLANG_ENABLE_OBJC_WEAK = YES;
				CLANG_WARN_BLOCK_CAPTURE_AUTORELEASING = YES;
				CLANG_WARN_BOOL_CONVERSION = YES;
				CLANG_WARN_COMMA = YES;
				CLANG_WARN_CONSTANT_CONVERSION = YES;
				CLANG_WARN_DEPRECATED_OBJC_IMPLEMENTATIONS = YES;
				CLANG_WARN_DIRECT_OBJC_ISA_USAGE = YES_ERROR;
				CLANG_WARN_DOCUMENTATION_COMMENTS = YES;
				CLANG_WARN_EMPTY_BODY = YES;
				CLANG_WARN_ENUM_CONVERSION = YES;
				CLANG_WARN_INFINITE_RECURSION = YES;
				CLANG_WARN_INT_CONVERSION = YES;
				CLANG_WARN_NON_LITERAL_NULL_CONVERSION = YES;
				CLANG_WARN_OBJC_IMPLICIT_RETAIN_SELF = YES;
				CLANG_WARN_OBJC_LITERAL_CONVERSION = YES;
				CLANG_WARN_OBJC_ROOT_CLASS = YES_ERROR;
				CLANG_WARN_QUOTED_INCLUDE_IN_FRAMEWORK_HEADER = YES;
				CLANG_WARN_RANGE_LOOP_ANALYSIS = YES;
				CLANG_WARN_STRICT_PROTOTYPES = YES;
				CLANG_WARN_SUSPICIOUS_MOVE = YES;
				CLANG_WARN_UNGUARDED_AVAILABILITY = YES_AGGRESSIVE;
				CLANG_WARN_UNREACHABLE_CODE = YES;
				CLANG_WARN__DUPLICATE_METHOD_MATCH = YES;
				COPY_PHASE_STRIP = NO;
				DEBUG_INFORMATION_FORMAT = dwarf;
				ENABLE_STRICT_OBJC_MSGSEND = YES;
				ENABLE_TESTABILITY = YES;
				ENABLE_USER_SCRIPT_SANDBOXING = YES;
				GCC_C_LANGUAGE_STANDARD = gnu17;
				GCC_DYNAMIC_NO_PIC = NO;
				GCC_NO_COMMON_BLOCKS = YES;
				GCC_OPTIMIZATION_LEVEL = 0;
				GCC_PREPROCESSOR_DEFINITIONS = (
					"DEBUG=1",
					"$(inherited)",
				);
				GCC_WARN_64_TO_32_BIT_CONVERSION = YES;
				GCC_WARN_ABOUT_RETURN_TYPE = YES_ERROR;
				GCC_WARN_UNDECLARED_SELECTOR = YES;
				GCC_WARN_UNINITIALIZED_AUTOS = YES_AGGRESSIVE;
				GCC_WARN_UNUSED_FUNCTION = YES;
				GCC_WARN_UNUSED_VARIABLE = YES;
				IPHONEOS_DEPLOYMENT_TARGET = 17.5;
				LOCALIZATION_PREFERS_STRING_CATALOGS = YES;
				MTL_ENABLE_DEBUG_INFO = INCLUDE_SOURCE;
				MTL_FAST_MATH = YES;
				ONLY_ACTIVE_ARCH = YES;
				SDKROOT = iphoneos;
				SWIFT_ACTIVE_COMPILATION_CONDITIONS = "DEBUG $(inherited)";
				SWIFT_OPTIMIZATION_LEVEL = "-Onone";
			};
			name = Debug;
		};
		3CDE96862C0D98650037E24E /* Release */ = {
			isa = XCBuildConfiguration;
			buildSettings = {
				ALWAYS_SEARCH_USER_PATHS = NO;
				ASSETCATALOG_COMPILER_GENERATE_SWIFT_ASSET_SYMBOL_EXTENSIONS = YES;
				CLANG_ANALYZER_NONNULL = YES;
				CLANG_ANALYZER_NUMBER_OBJECT_CONVERSION = YES_AGGRESSIVE;
				CLANG_CXX_LANGUAGE_STANDARD = "gnu++20";
				CLANG_ENABLE_MODULES = YES;
				CLANG_ENABLE_OBJC_ARC = YES;
				CLANG_ENABLE_OBJC_WEAK = YES;
				CLANG_WARN_BLOCK_CAPTURE_AUTORELEASING = YES;
				CLANG_WARN_BOOL_CONVERSION = YES;
				CLANG_WARN_COMMA = YES;
				CLANG_WARN_CONSTANT_CONVERSION = YES;
				CLANG_WARN_DEPRECATED_OBJC_IMPLEMENTATIONS = YES;
				CLANG_WARN_DIRECT_OBJC_ISA_USAGE = YES_ERROR;
				CLANG_WARN_DOCUMENTATION_COMMENTS = YES;
				CLANG_WARN_EMPTY_BODY = YES;
				CLANG_WARN_ENUM_CONVERSION = YES;
				CLANG_WARN_INFINITE_RECURSION = YES;
				CLANG_WARN_INT_CONVERSION = YES;
				CLANG_WARN_NON_LITERAL_NULL_CONVERSION = YES;
				CLANG_WARN_OBJC_IMPLICIT_RETAIN_SELF = YES;
				CLANG_WARN_OBJC_LITERAL_CONVERSION = YES;
				CLANG_WARN_OBJC_ROOT_CLASS = YES_ERROR;
				CLANG_WARN_QUOTED_INCLUDE_IN_FRAMEWORK_HEADER = YES;
				CLANG_WARN_RANGE_LOOP_ANALYSIS = YES;
				CLANG_WARN_STRICT_PROTOTYPES = YES;
				CLANG_WARN_SUSPICIOUS_MOVE = YES;
				CLANG_WARN_UNGUARDED_AVAILABILITY = YES_AGGRESSIVE;
				CLANG_WARN_UNREACHABLE_CODE = YES;
				CLANG_WARN__DUPLICATE_METHOD_MATCH = YES;
				COPY_PHASE_STRIP = NO;
				DEBUG_INFORMATION_FORMAT = "dwarf-with-dsym";
				ENABLE_NS_ASSERTIONS = NO;
				ENABLE_STRICT_OBJC_MSGSEND = YES;
				ENABLE_USER_SCRIPT_SANDBOXING = YES;
				GCC_C_LANGUAGE_STANDARD = gnu17;
				GCC_NO_COMMON_BLOCKS = YES;
				GCC_WARN_64_TO_32_BIT_CONVERSION = YES;
				GCC_WARN_ABOUT_RETURN_TYPE = YES_ERROR;
				GCC_WARN_UNDECLARED_SELECTOR = YES;
				GCC_WARN_UNINITIALIZED_AUTOS = YES_AGGRESSIVE;
				GCC_WARN_UNUSED_FUNCTION = YES;
				GCC_WARN_UNUSED_VARIABLE = YES;
				IPHONEOS_DEPLOYMENT_TARGET = 17.5;
				LOCALIZATION_PREFERS_STRING_CATALOGS = YES;
				MTL_ENABLE_DEBUG_INFO = NO;
				MTL_FAST_MATH = YES;
				SDKROOT = iphoneos;
				SWIFT_COMPILATION_MODE = wholemodule;
				VALIDATE_PRODUCT = YES;
			};
			name = Release;
		};
		3CDE96882C0D98650037E24E /* Debug */ = {
			isa = XCBuildConfiguration;
			buildSettings = {
				ASSETCATALOG_COMPILER_APPICON_NAME = AppIcon;
				ASSETCATALOG_COMPILER_GLOBAL_ACCENT_COLOR_NAME = AccentColor;
				CODE_SIGN_STYLE = Automatic;
				CURRENT_PROJECT_VERSION = 1;
				GENERATE_INFOPLIST_FILE = YES;
				INFOPLIST_FILE = MatchImage/Info.plist;
				INFOPLIST_KEY_UIApplicationSupportsIndirectInputEvents = YES;
				INFOPLIST_KEY_UILaunchStoryboardName = LaunchScreen;
				INFOPLIST_KEY_UIMainStoryboardFile = Main;
				INFOPLIST_KEY_UISupportedInterfaceOrientations_iPad = "UIInterfaceOrientationPortrait UIInterfaceOrientationPortraitUpsideDown UIInterfaceOrientationLandscapeLeft UIInterfaceOrientationLandscapeRight";
				INFOPLIST_KEY_UISupportedInterfaceOrientations_iPhone = "UIInterfaceOrientationPortrait UIInterfaceOrientationLandscapeLeft UIInterfaceOrientationLandscapeRight";
				LD_RUNPATH_SEARCH_PATHS = (
					"$(inherited)",
					"@executable_path/Frameworks",
				);
				MARKETING_VERSION = 1.0;
				PRODUCT_BUNDLE_IDENTIFIER = kr.co.jinpark.MatchImage;
				PRODUCT_NAME = "$(TARGET_NAME)";
				SWIFT_EMIT_LOC_STRINGS = YES;
				SWIFT_VERSION = 5.0;
				TARGETED_DEVICE_FAMILY = "1,2";
			};
			name = Debug;
		};
		3CDE96892C0D98650037E24E /* Release */ = {
			isa = XCBuildConfiguration;
			buildSettings = {
				ASSETCATALOG_COMPILER_APPICON_NAME = AppIcon;
				ASSETCATALOG_COMPILER_GLOBAL_ACCENT_COLOR_NAME = AccentColor;
				CODE_SIGN_STYLE = Automatic;
				CURRENT_PROJECT_VERSION = 1;
				GENERATE_INFOPLIST_FILE = YES;
				INFOPLIST_FILE = MatchImage/Info.plist;
				INFOPLIST_KEY_UIApplicationSupportsIndirectInputEvents = YES;
				INFOPLIST_KEY_UILaunchStoryboardName = LaunchScreen;
				INFOPLIST_KEY_UIMainStoryboardFile = Main;
				INFOPLIST_KEY_UISupportedInterfaceOrientations_iPad = "UIInterfaceOrientationPortrait UIInterfaceOrientationPortraitUpsideDown UIInterfaceOrientationLandscapeLeft UIInterfaceOrientationLandscapeRight";
				INFOPLIST_KEY_UISupportedInterfaceOrientations_iPhone = "UIInterfaceOrientationPortrait UIInterfaceOrientationLandscapeLeft UIInterfaceOrientationLandscapeRight";
				LD_RUNPATH_SEARCH_PATHS = (
					"$(inherited)",
					"@executable_path/Frameworks",
				);
				MARKETING_VERSION = 1.0;
				PRODUCT_BUNDLE_IDENTIFIER = kr.co.jinpark.MatchImage;
				PRODUCT_NAME = "$(TARGET_NAME)";
				SWIFT_EMIT_LOC_STRINGS = YES;
				SWIFT_VERSION = 5.0;
				TARGETED_DEVICE_FAMILY = "1,2";
			};
			name = Release;
		};
/* End XCBuildConfiguration section */

/* Begin XCConfigurationList section */
		3CDE966E2C0D98630037E24E /* Build configuration list for PBXProject "MatchImage" */ = {
			isa = XCConfigurationList;
			buildConfigurations = (
				3CDE96852C0D98650037E24E /* Debug */,
				3CDE96862C0D98650037E24E /* Release */,
			);
			defaultConfigurationIsVisible = 0;
			defaultConfigurationName = Release;
		};
		3CDE96872C0D98650037E24E /* Build configuration list for PBXNativeTarget "MatchImage" */ = {
			isa = XCConfigurationList;
			buildConfigurations = (
				3CDE96882C0D98650037E24E /* Debug */,
				3CDE96892C0D98650037E24E /* Release */,
			);
			defaultConfigurationIsVisible = 0;
			defaultConfigurationName = Release;
		};
/* End XCConfigurationList section */
	};
	rootObject = 3CDE966B2C0D98630037E24E /* Project object */;
}
